
Microsoft Visual Studio Solution File, Format Version 12.00
# Visual Studio 15
Project("{FAE04EC0-301F-11D3-BF4B-00C04F79EFBC}") = "D-CODE", "D-CODE.csproj", "{88ECBA24-0877-820F-423A-C74DEB22C4C7}"
EndProject
Project("{FAE04EC0-301F-11D3-BF4B-00C04F79EFBC}") = "D-CODE.Editor", "D-CODE.Editor.csproj", "{C812C8A1-AE7A-4404-D303-41D1632CF524}"
EndProject
Global
	GlobalSection(SolutionConfigurationPlatforms) = preSolution
		Debug|Any CPU = Debug|Any CPU
		Release|Any CPU = Release|Any CPU
	EndGlobalSection
	GlobalSection(ProjectConfigurationPlatforms) = postSolution
		{88ECBA24-0877-820F-423A-C74DEB22C4C7}.Debug|Any CPU.ActiveCfg = Debug|Any CPU
		{88ECBA24-0877-820F-423A-C74DEB22C4C7}.Debug|Any CPU.Build.0 = Debug|Any CPU
		{88ECBA24-0877-820F-423A-C74DEB22C4C7}.Release|Any CPU.ActiveCfg = Release|Any CPU
		{88ECBA24-0877-820F-423A-C74DEB22C4C7}.Release|Any CPU.Build.0 = Release|Any CPU
		{C812C8A1-AE7A-4404-D303-41D1632CF524}.Debug|Any CPU.ActiveCfg = Debug|Any CPU
		{C812C8A1-AE7A-4404-D303-41D1632CF524}.Debug|Any CPU.Build.0 = Debug|Any CPU
		{C812C8A1-AE7A-4404-D303-41D1632CF524}.Release|Any CPU.ActiveCfg = Release|Any CPU
		{C812C8A1-AE7A-4404-D303-41D1632CF524}.Release|Any CPU.Build.0 = Release|Any CPU
	EndGlobalSection
	GlobalSection(SolutionProperties) = preSolution
		HideSolutionNode = FALSE
	EndGlobalSection
EndGlobal
